{
  "name": "wrappers",
  "lockfileVersion": 2,
  "requires": true,
  "packages": {
    "": {
      "name": "wrappers",
      "devDependencies": {
        "@types/bun": "^1.0.2",
        "@types/node": "^20.10.5",
        "bun": "1.1.7",
        "typescript": "^5.3.3"
      }
    },
    "node_modules/@oven/bun-darwin-aarch64": {
      "version": "1.1.7",
      "resolved": "https://registry.npmjs.org/@oven/bun-darwin-aarch64/-/bun-darwin-aarch64-1.1.7.tgz",
      "integrity": "sha512-6xH96IjcQlnbsGziUELOhewuobKyzcc+/mV1fSQkY8+c5crgca1nnArS8ja7GaduDWCGuSvMiURFUtf/EAZYtg==",
      "cpu": [
        "arm64"
      ],
      "dev": true,
      "optional": true,
      "os": [
        "darwin"
      ]
    },
    "node_modules/@oven/bun-darwin-x64": {
      "version": "1.1.7",
      "resolved": "https://registry.npmjs.org/@oven/bun-darwin-x64/-/bun-darwin-x64-1.1.7.tgz",
      "integrity": "sha512-VL0yT0rfdxU3NHts5aGjve1ui977BDJ9xb1Obw0LALWL4EzgQbiF8q8nUE6B25LwrQLzydUNTgMY0YYVLR2UkA==",
      "cpu": [
        "x64"
      ],
      "dev": true,
      "optional": true,
      "os": [
        "darwin"
      ]
    },
    "node_modules/@oven/bun-darwin-x64-baseline": {
      "version": "1.1.7",
      "resolved": "https://registry.npmjs.org/@oven/bun-darwin-x64-baseline/-/bun-darwin-x64-baseline-1.1.7.tgz",
      "integrity": "sha512-oMKWmT5lqrnew/cmB+Mmuy/X7X0dBXnyJgsPp1RmV665u7UlNgRGncXhaW/EXlPJk4vaXh6UQQ8bLlg6mnQNgg==",
      "cpu": [
        "x64"
      ],
      "dev": true,
      "optional": true,
      "os": [
        "darwin"
      ]
    },
    "node_modules/@oven/bun-linux-aarch64": {
      "version": "1.1.7",
      "resolved": "https://registry.npmjs.org/@oven/bun-linux-aarch64/-/bun-linux-aarch64-1.1.7.tgz",
      "integrity": "sha512-/oVeD+f4S2tfIoKXVALuQv68k9O/91aMRCJ8+TlnVvZgZEpE6xdtbrSa+iP1wbAvBUy9ags0AgQOJg1QJzK/ow==",
      "cpu": [
        "arm64"
      ],
      "dev": true,
      "optional": true,
      "os": [
        "linux"
      ]
    },
    "node_modules/@oven/bun-linux-x64": {
      "version": "1.1.7",
      "resolved": "https://registry.npmjs.org/@oven/bun-linux-x64/-/bun-linux-x64-1.1.7.tgz",
      "integrity": "sha512-b+yTqZREacwPXcsg6/ps+qAZ/rlyuRztzptX6oNnc42+xd7BpdvKpdu2p8hbN0IoKBMqlAqFedffxFimIOMWFA==",
      "cpu": [
        "x64"
      ],
      "dev": true,
      "optional": true,
      "os": [
        "linux"
      ]
    },
    "node_modules/@oven/bun-linux-x64-baseline": {
      "version": "1.1.7",
      "resolved": "https://registry.npmjs.org/@oven/bun-linux-x64-baseline/-/bun-linux-x64-baseline-1.1.7.tgz",
      "integrity": "sha512-JklT4tgXi83nDyPLcWEfHxLKQnJdtpHG9sSOxpke6TlBwnj84lXbZ+CWhQL/aL9ye1lCTUjEIEbbZph8IhWlWg==",
      "cpu": [
        "x64"
      ],
      "dev": true,
      "optional": true,
      "os": [
        "linux"
      ]
    },
    "node_modules/@oven/bun-windows-x64": {
      "version": "1.1.7",
      "resolved": "https://registry.npmjs.org/@oven/bun-windows-x64/-/bun-windows-x64-1.1.7.tgz",
      "integrity": "sha512-y8qrlwv09UIYKEm9+X1KzHHtaudWWWn7GGwSqCT6c7XYfR70fbnriyCm2i0qUAUTmgtuhY7dwFtAKf1UkQJ2SQ==",
      "cpu": [
        "x64"
      ],
      "dev": true,
      "optional": true,
      "os": [
        "win32"
      ]
    },
    "node_modules/@oven/bun-windows-x64-baseline": {
      "version": "1.1.7",
      "resolved": "https://registry.npmjs.org/@oven/bun-windows-x64-baseline/-/bun-windows-x64-baseline-1.1.7.tgz",
      "integrity": "sha512-DkclScCfTR8YsNMATn2WVqbIf8cyD/UhIdFa4/R0Qsf+C1BB9jPquXoogSrAUJJyPMSbkBf2KshlROiFjYrjkw==",
      "cpu": [
        "x64"
      ],
      "dev": true,
      "optional": true,
      "os": [
        "win32"
      ]
    },
    "node_modules/@types/bun": {
      "version": "1.1.1",
      "resolved": "https://registry.npmjs.org/@types/bun/-/bun-1.1.1.tgz",
      "integrity": "sha512-lUe9rLMhgDCViciZtgDj5CMl2u7uTq/IP149kSZH/Si6FWkCioximABFf+baRQgbm8QlH4bzT0qJRteQFNqeGA==",
      "dev": true,
      "dependencies": {
        "bun-types": "1.1.6"
      }
    },
    "node_modules/@types/node": {
      "version": "20.12.8",
      "resolved": "https://registry.npmjs.org/@types/node/-/node-20.12.8.tgz",
      "integrity": "sha512-NU0rJLJnshZWdE/097cdCBbyW1h4hEg0xpovcoAQYHl8dnEyp/NAOiE45pvc+Bd1Dt+2r94v2eGFpQJ4R7g+2w==",
      "dev": true,
      "dependencies": {
        "undici-types": "~5.26.4"
      }
    },
    "node_modules/@types/ws": {
      "version": "8.5.10",
      "resolved": "https://registry.npmjs.org/@types/ws/-/ws-8.5.10.tgz",
      "integrity": "sha512-vmQSUcfalpIq0R9q7uTo2lXs6eGIpt9wtnLdMv9LVpIjCA/+ufZRozlVoVelIYixx1ugCBKDhn89vnsEGOCx9A==",
      "dev": true,
      "dependencies": {
        "@types/node": "*"
      }
    },
    "node_modules/bun": {
      "version": "1.1.7",
      "resolved": "https://registry.npmjs.org/bun/-/bun-1.1.7.tgz",
      "integrity": "sha512-4Q/ySjXfSTOsehxektQuo376FfI/QMPSjnsBAwQAZsRFW37Hb8IdctOABDEBQcrYmiwgDGKlgdWTQ8/5H0N2ww==",
      "cpu": [
        "arm64",
        "x64"
      ],
      "dev": true,
      "hasInstallScript": true,
      "os": [
        "darwin",
        "linux",
        "win32"
      ],
      "bin": {
        "bun": "bin/bun.exe",
        "bunx": "bin/bun.exe"
      },
      "optionalDependencies": {
        "@oven/bun-darwin-aarch64": "1.1.7",
        "@oven/bun-darwin-x64": "1.1.7",
        "@oven/bun-darwin-x64-baseline": "1.1.7",
        "@oven/bun-linux-aarch64": "1.1.7",
        "@oven/bun-linux-x64": "1.1.7",
        "@oven/bun-linux-x64-baseline": "1.1.7",
        "@oven/bun-windows-x64": "1.1.7",
        "@oven/bun-windows-x64-baseline": "1.1.7"
      }
    },
    "node_modules/bun-types": {
      "version": "1.1.6",
      "resolved": "https://registry.npmjs.org/bun-types/-/bun-types-1.1.6.tgz",
      "integrity": "sha512-LK2aaJdBBTUkDyN+kRiJHLF3VGrAcdkEHrbBvbmTkccShPw6ZalxxKjWSBJwn4UkikhZdrdA87bZWmfUgkRUYg==",
      "dev": true,
      "dependencies": {
        "@types/node": "~20.11.3",
        "@types/ws": "~8.5.10"
      }
    },
    "node_modules/bun-types/node_modules/@types/node": {
      "version": "20.11.30",
      "resolved": "https://registry.npmjs.org/@types/node/-/node-20.11.30.tgz",
      "integrity": "sha512-dHM6ZxwlmuZaRmUPfv1p+KrdD1Dci04FbdEm/9wEMouFqxYoFl5aMkt0VMAUtYRQDyYvD41WJLukhq/ha3YuTw==",
      "dev": true,
      "dependencies": {
        "undici-types": "~5.26.4"
      }
    },
    "node_modules/typescript": {
      "version": "5.4.5",
      "resolved": "https://registry.npmjs.org/typescript/-/typescript-5.4.5.tgz",
      "integrity": "sha512-vcI4UpRgg81oIRUFwR0WSIHKt11nJ7SAVlYNIu+QpqeyXP+gpQJy/Z4+F0aGxSE4MqwjyXvW/TzgkLAx2AGHwQ==",
      "dev": true,
      "bin": {
        "tsc": "bin/tsc",
        "tsserver": "bin/tsserver"
      },
      "engines": {
        "node": ">=14.17"
      }
    },
    "node_modules/undici-types": {
      "version": "5.26.5",
      "resolved": "https://registry.npmjs.org/undici-types/-/undici-types-5.26.5.tgz",
      "integrity": "sha512-JlCMO+ehdEIKqlFxk6IfVoAUVmgz7cU7zD/h9XZ0qzeosSHmUJVOzSQvvYSYWXkFXC+IfLKSIffhv0sVZup6pA==",
      "dev": true
    }
  },
  "dependencies": {
    "@oven/bun-darwin-aarch64": {
      "version": "1.1.7",
      "resolved": "https://registry.npmjs.org/@oven/bun-darwin-aarch64/-/bun-darwin-aarch64-1.1.7.tgz",
      "integrity": "sha512-6xH96IjcQlnbsGziUELOhewuobKyzcc+/mV1fSQkY8+c5crgca1nnArS8ja7GaduDWCGuSvMiURFUtf/EAZYtg==",
      "dev": true,
      "optional": true
    },
    "@oven/bun-darwin-x64": {
      "version": "1.1.7",
      "resolved": "https://registry.npmjs.org/@oven/bun-darwin-x64/-/bun-darwin-x64-1.1.7.tgz",
      "integrity": "sha512-VL0yT0rfdxU3NHts5aGjve1ui977BDJ9xb1Obw0LALWL4EzgQbiF8q8nUE6B25LwrQLzydUNTgMY0YYVLR2UkA==",
      "dev": true,
      "optional": true
    },
    "@oven/bun-darwin-x64-baseline": {
      "version": "1.1.7",
      "resolved": "https://registry.npmjs.org/@oven/bun-darwin-x64-baseline/-/bun-darwin-x64-baseline-1.1.7.tgz",
      "integrity": "sha512-oMKWmT5lqrnew/cmB+Mmuy/X7X0dBXnyJgsPp1RmV665u7UlNgRGncXhaW/EXlPJk4vaXh6UQQ8bLlg6mnQNgg==",
      "dev": true,
      "optional": true
    },
    "@oven/bun-linux-aarch64": {
      "version": "1.1.7",
      "resolved": "https://registry.npmjs.org/@oven/bun-linux-aarch64/-/bun-linux-aarch64-1.1.7.tgz",
      "integrity": "sha512-/oVeD+f4S2tfIoKXVALuQv68k9O/91aMRCJ8+TlnVvZgZEpE6xdtbrSa+iP1wbAvBUy9ags0AgQOJg1QJzK/ow==",
      "dev": true,
      "optional": true
    },
    "@oven/bun-linux-x64": {
      "version": "1.1.7",
      "resolved": "https://registry.npmjs.org/@oven/bun-linux-x64/-/bun-linux-x64-1.1.7.tgz",
      "integrity": "sha512-b+yTqZREacwPXcsg6/ps+qAZ/rlyuRztzptX6oNnc42+xd7BpdvKpdu2p8hbN0IoKBMqlAqFedffxFimIOMWFA==",
      "dev": true,
      "optional": true
    },
    "@oven/bun-linux-x64-baseline": {
      "version": "1.1.7",
      "resolved": "https://registry.npmjs.org/@oven/bun-linux-x64-baseline/-/bun-linux-x64-baseline-1.1.7.tgz",
      "integrity": "sha512-JklT4tgXi83nDyPLcWEfHxLKQnJdtpHG9sSOxpke6TlBwnj84lXbZ+CWhQL/aL9ye1lCTUjEIEbbZph8IhWlWg==",
      "dev": true,
      "optional": true
    },
    "@oven/bun-windows-x64": {
      "version": "1.1.7",
      "resolved": "https://registry.npmjs.org/@oven/bun-windows-x64/-/bun-windows-x64-1.1.7.tgz",
      "integrity": "sha512-y8qrlwv09UIYKEm9+X1KzHHtaudWWWn7GGwSqCT6c7XYfR70fbnriyCm2i0qUAUTmgtuhY7dwFtAKf1UkQJ2SQ==",
      "dev": true,
      "optional": true
    },
    "@oven/bun-windows-x64-baseline": {
      "version": "1.1.7",
      "resolved": "https://registry.npmjs.org/@oven/bun-windows-x64-baseline/-/bun-windows-x64-baseline-1.1.7.tgz",
      "integrity": "sha512-DkclScCfTR8YsNMATn2WVqbIf8cyD/UhIdFa4/R0Qsf+C1BB9jPquXoogSrAUJJyPMSbkBf2KshlROiFjYrjkw==",
      "dev": true,
      "optional": true
    },
    "@types/bun": {
      "version": "1.1.1",
      "resolved": "https://registry.npmjs.org/@types/bun/-/bun-1.1.1.tgz",
      "integrity": "sha512-lUe9rLMhgDCViciZtgDj5CMl2u7uTq/IP149kSZH/Si6FWkCioximABFf+baRQgbm8QlH4bzT0qJRteQFNqeGA==",
      "dev": true,
      "requires": {
        "bun-types": "1.1.6"
      }
    },
    "@types/node": {
      "version": "20.12.8",
      "resolved": "https://registry.npmjs.org/@types/node/-/node-20.12.8.tgz",
      "integrity": "sha512-NU0rJLJnshZWdE/097cdCBbyW1h4hEg0xpovcoAQYHl8dnEyp/NAOiE45pvc+Bd1Dt+2r94v2eGFpQJ4R7g+2w==",
      "dev": true,
      "requires": {
        "undici-types": "~5.26.4"
      }
    },
    "@types/ws": {
      "version": "8.5.10",
      "resolved": "https://registry.npmjs.org/@types/ws/-/ws-8.5.10.tgz",
      "integrity": "sha512-vmQSUcfalpIq0R9q7uTo2lXs6eGIpt9wtnLdMv9LVpIjCA/+ufZRozlVoVelIYixx1ugCBKDhn89vnsEGOCx9A==",
      "dev": true,
      "requires": {
        "@types/node": "*"
      }
    },
    "bun": {
      "version": "1.1.7",
      "resolved": "https://registry.npmjs.org/bun/-/bun-1.1.7.tgz",
      "integrity": "sha512-4Q/ySjXfSTOsehxektQuo376FfI/QMPSjnsBAwQAZsRFW37Hb8IdctOABDEBQcrYmiwgDGKlgdWTQ8/5H0N2ww==",
      "dev": true,
      "requires": {
        "@oven/bun-darwin-aarch64": "1.1.7",
        "@oven/bun-darwin-x64": "1.1.7",
        "@oven/bun-darwin-x64-baseline": "1.1.7",
        "@oven/bun-linux-aarch64": "1.1.7",
        "@oven/bun-linux-x64": "1.1.7",
        "@oven/bun-linux-x64-baseline": "1.1.7",
        "@oven/bun-windows-x64": "1.1.7",
        "@oven/bun-windows-x64-baseline": "1.1.7"
      }
    },
    "bun-types": {
      "version": "1.1.6",
      "resolved": "https://registry.npmjs.org/bun-types/-/bun-types-1.1.6.tgz",
      "integrity": "sha512-LK2aaJdBBTUkDyN+kRiJHLF3VGrAcdkEHrbBvbmTkccShPw6ZalxxKjWSBJwn4UkikhZdrdA87bZWmfUgkRUYg==",
      "dev": true,
      "requires": {
        "@types/node": "~20.11.3",
        "@types/ws": "~8.5.10"
      },
      "dependencies": {
        "@types/node": {
          "version": "20.11.30",
          "resolved": "https://registry.npmjs.org/@types/node/-/node-20.11.30.tgz",
          "integrity": "sha512-dHM6ZxwlmuZaRmUPfv1p+KrdD1Dci04FbdEm/9wEMouFqxYoFl5aMkt0VMAUtYRQDyYvD41WJLukhq/ha3YuTw==",
          "dev": true,
          "requires": {
            "undici-types": "~5.26.4"
          }
        }
      }
    },
    "typescript": {
      "version": "5.4.5",
      "resolved": "https://registry.npmjs.org/typescript/-/typescript-5.4.5.tgz",
      "integrity": "sha512-vcI4UpRgg81oIRUFwR0WSIHKt11nJ7SAVlYNIu+QpqeyXP+gpQJy/Z4+F0aGxSE4MqwjyXvW/TzgkLAx2AGHwQ==",
      "dev": true
    },
    "undici-types": {
      "version": "5.26.5",
      "resolved": "https://registry.npmjs.org/undici-types/-/undici-types-5.26.5.tgz",
      "integrity": "sha512-JlCMO+ehdEIKqlFxk6IfVoAUVmgz7cU7zD/h9XZ0qzeosSHmUJVOzSQvvYSYWXkFXC+IfLKSIffhv0sVZup6pA==",
      "dev": true
    }
  }
}
