{
  "name": "wrappers",
  "lockfileVersion": 2,
  "requires": true,
  "packages": {
    "": {
      "name": "wrappers",
      "devDependencies": {
        "@types/bun": "^1.0.2",
        "@types/node": "^20.10.5",
        "bun": "1.1.20",
        "typescript": "^5.3.3"
      }
    },
    "node_modules/@oven/bun-darwin-aarch64": {
      "version": "1.1.20",
      "resolved": "https://registry.npmjs.org/@oven/bun-darwin-aarch64/-/bun-darwin-aarch64-1.1.20.tgz",
      "integrity": "sha512-9dZuhfkol/fgG9+ZcDfDFKamp6npraPQghutE5IJM8Y3w4+y5USvw+NbANuKLSLFOH06oXMT/necZ9HT0rzTlg==",
      "cpu": [
        "arm64"
      ],
      "dev": true,
      "optional": true,
      "os": [
        "darwin"
      ]
    },
    "node_modules/@oven/bun-darwin-x64": {
      "version": "1.1.20",
      "resolved": "https://registry.npmjs.org/@oven/bun-darwin-x64/-/bun-darwin-x64-1.1.20.tgz",
      "integrity": "sha512-6IfCEMt6/exOyiAik3dbFAcP0BxDquGSq4CH9iVvd7kAI1/5X0O/iRKuFNyT9HJb16jSLISh05nZGW6KBUKXuA==",
      "cpu": [
        "x64"
      ],
      "dev": true,
      "optional": true,
      "os": [
        "darwin"
      ]
    },
    "node_modules/@oven/bun-darwin-x64-baseline": {
      "version": "1.1.20",
      "resolved": "https://registry.npmjs.org/@oven/bun-darwin-x64-baseline/-/bun-darwin-x64-baseline-1.1.20.tgz",
      "integrity": "sha512-9H0nNs0clDXtIAntN0u4++zsspCabLe2PIXfcPamw4D5qBZEVve0jd3+6pg6mTm3z2aGkUAlPtonPvlzNeWiQg==",
      "cpu": [
        "x64"
      ],
      "dev": true,
      "optional": true,
      "os": [
        "darwin"
      ]
    },
    "node_modules/@oven/bun-linux-aarch64": {
      "version": "1.1.20",
      "resolved": "https://registry.npmjs.org/@oven/bun-linux-aarch64/-/bun-linux-aarch64-1.1.20.tgz",
      "integrity": "sha512-xR2Wf9VqFZ2IiRBv9pvQ8z/DihfIA64bGbMkLkrAhZJACk+HBJ8eLjEGI4hvr9SM9br4Jtfjlm6CmNlkpqbk3Q==",
      "cpu": [
        "arm64"
      ],
      "dev": true,
      "optional": true,
      "os": [
        "linux"
      ]
    },
    "node_modules/@oven/bun-linux-x64": {
      "version": "1.1.20",
      "resolved": "https://registry.npmjs.org/@oven/bun-linux-x64/-/bun-linux-x64-1.1.20.tgz",
      "integrity": "sha512-8TWvnsWWWX9pZoYZ1GwZX3UwkfsnZYzicxwUdZVf/S0sNM6FBWkC9YqidxUsPva4DLKIi4oON8Ra5DpDwRZWSw==",
      "cpu": [
        "x64"
      ],
      "dev": true,
      "optional": true,
      "os": [
        "linux"
      ]
    },
    "node_modules/@oven/bun-linux-x64-baseline": {
      "version": "1.1.20",
      "resolved": "https://registry.npmjs.org/@oven/bun-linux-x64-baseline/-/bun-linux-x64-baseline-1.1.20.tgz",
      "integrity": "sha512-H1PIzW+Dv6VNNH/yS6we7YD2Hvig3s6zLYnEt+mQok+wJKtjzpjQT1qZly/r6mhkZqHIcM3mRAwXcxgXF7yv7Q==",
      "cpu": [
        "x64"
      ],
      "dev": true,
      "optional": true,
      "os": [
        "linux"
      ]
    },
    "node_modules/@oven/bun-windows-x64": {
      "version": "1.1.20",
      "resolved": "https://registry.npmjs.org/@oven/bun-windows-x64/-/bun-windows-x64-1.1.20.tgz",
      "integrity": "sha512-1Njpp2LUq6mEyDdk3IBge7ew/+maqX/Q7ltalX7JT2Gxh693c0KuL7pzrExbkBweqSL1nMec0Crw+GkVd3bFxA==",
      "cpu": [
        "x64"
      ],
      "dev": true,
      "optional": true,
      "os": [
        "win32"
      ]
    },
    "node_modules/@oven/bun-windows-x64-baseline": {
      "version": "1.1.20",
      "resolved": "https://registry.npmjs.org/@oven/bun-windows-x64-baseline/-/bun-windows-x64-baseline-1.1.20.tgz",
      "integrity": "sha512-yFm6jhL7SPfPz7sOukUeiAGmX7/S+6yj3cY8NxGGvBaZZLqNSw+vitAFg/ssV8v8oDAG7b1SqP5KzEZt3EUvKg==",
      "cpu": [
        "x64"
      ],
      "dev": true,
      "optional": true,
      "os": [
        "win32"
      ]
    },
    "node_modules/@types/bun": {
      "version": "1.1.6",
      "resolved": "https://registry.npmjs.org/@types/bun/-/bun-1.1.6.tgz",
      "integrity": "sha512-uJgKjTdX0GkWEHZzQzFsJkWp5+43ZS7HC8sZPFnOwnSo1AsNl2q9o2bFeS23disNDqbggEgyFkKCHl/w8iZsMA==",
      "dev": true,
      "dependencies": {
        "bun-types": "1.1.17"
      }
    },
    "node_modules/@types/node": {
      "version": "20.14.11",
      "resolved": "https://registry.npmjs.org/@types/node/-/node-20.14.11.tgz",
      "integrity": "sha512-kprQpL8MMeszbz6ojB5/tU8PLN4kesnN8Gjzw349rDlNgsSzg90lAVj3llK99Dh7JON+t9AuscPPFW6mPbTnSA==",
      "dev": true,
      "dependencies": {
        "undici-types": "~5.26.4"
      }
    },
    "node_modules/@types/ws": {
      "version": "8.5.10",
      "resolved": "https://registry.npmjs.org/@types/ws/-/ws-8.5.10.tgz",
      "integrity": "sha512-vmQSUcfalpIq0R9q7uTo2lXs6eGIpt9wtnLdMv9LVpIjCA/+ufZRozlVoVelIYixx1ugCBKDhn89vnsEGOCx9A==",
      "dev": true,
      "dependencies": {
        "@types/node": "*"
      }
    },
    "node_modules/bun": {
      "version": "1.1.20",
      "resolved": "https://registry.npmjs.org/bun/-/bun-1.1.20.tgz",
      "integrity": "sha512-aqLmvaz0/vLUiCrOXtAsf7pCSOS/qXieYDsq8COa3+fIgMK05CjZt9m9r7DC+tjKy7hH8uKSNTapQOr/kX8gIA==",
      "cpu": [
        "arm64",
        "x64"
      ],
      "dev": true,
      "hasInstallScript": true,
      "os": [
        "darwin",
        "linux",
        "win32"
      ],
      "bin": {
        "bun": "bin/bun.exe",
        "bunx": "bin/bun.exe"
      },
      "optionalDependencies": {
        "@oven/bun-darwin-aarch64": "1.1.20",
        "@oven/bun-darwin-x64": "1.1.20",
        "@oven/bun-darwin-x64-baseline": "1.1.20",
        "@oven/bun-linux-aarch64": "1.1.20",
        "@oven/bun-linux-x64": "1.1.20",
        "@oven/bun-linux-x64-baseline": "1.1.20",
        "@oven/bun-windows-x64": "1.1.20",
        "@oven/bun-windows-x64-baseline": "1.1.20"
      }
    },
    "node_modules/bun-types": {
      "version": "1.1.17",
      "resolved": "https://registry.npmjs.org/bun-types/-/bun-types-1.1.17.tgz",
      "integrity": "sha512-Z4+OplcSd/YZq7ZsrfD00DKJeCwuNY96a1IDJyR73+cTBaFIS7SC6LhpY/W3AMEXO9iYq5NJ58WAwnwL1p5vKg==",
      "dev": true,
      "dependencies": {
        "@types/node": "~20.12.8",
        "@types/ws": "~8.5.10"
      }
    },
    "node_modules/bun-types/node_modules/@types/node": {
      "version": "20.12.14",
      "resolved": "https://registry.npmjs.org/@types/node/-/node-20.12.14.tgz",
      "integrity": "sha512-scnD59RpYD91xngrQQLGkE+6UrHUPzeKZWhhjBSa3HSkwjbQc38+q3RoIVEwxQGRw3M+j5hpNAM+lgV3cVormg==",
      "dev": true,
      "dependencies": {
        "undici-types": "~5.26.4"
      }
    },
    "node_modules/typescript": {
      "version": "5.5.3",
      "resolved": "https://registry.npmjs.org/typescript/-/typescript-5.5.3.tgz",
      "integrity": "sha512-/hreyEujaB0w76zKo6717l3L0o/qEUtRgdvUBvlkhoWeOVMjMuHNHk0BRBzikzuGDqNmPQbg5ifMEqsHLiIUcQ==",
      "dev": true,
      "bin": {
        "tsc": "bin/tsc",
        "tsserver": "bin/tsserver"
      },
      "engines": {
        "node": ">=14.17"
      }
    },
    "node_modules/undici-types": {
      "version": "5.26.5",
      "resolved": "https://registry.npmjs.org/undici-types/-/undici-types-5.26.5.tgz",
      "integrity": "sha512-JlCMO+ehdEIKqlFxk6IfVoAUVmgz7cU7zD/h9XZ0qzeosSHmUJVOzSQvvYSYWXkFXC+IfLKSIffhv0sVZup6pA==",
      "dev": true
    }
  },
  "dependencies": {
    "@oven/bun-darwin-aarch64": {
      "version": "1.1.20",
      "resolved": "https://registry.npmjs.org/@oven/bun-darwin-aarch64/-/bun-darwin-aarch64-1.1.20.tgz",
      "integrity": "sha512-9dZuhfkol/fgG9+ZcDfDFKamp6npraPQghutE5IJM8Y3w4+y5USvw+NbANuKLSLFOH06oXMT/necZ9HT0rzTlg==",
      "dev": true,
      "optional": true
    },
    "@oven/bun-darwin-x64": {
      "version": "1.1.20",
      "resolved": "https://registry.npmjs.org/@oven/bun-darwin-x64/-/bun-darwin-x64-1.1.20.tgz",
      "integrity": "sha512-6IfCEMt6/exOyiAik3dbFAcP0BxDquGSq4CH9iVvd7kAI1/5X0O/iRKuFNyT9HJb16jSLISh05nZGW6KBUKXuA==",
      "dev": true,
      "optional": true
    },
    "@oven/bun-darwin-x64-baseline": {
      "version": "1.1.20",
      "resolved": "https://registry.npmjs.org/@oven/bun-darwin-x64-baseline/-/bun-darwin-x64-baseline-1.1.20.tgz",
      "integrity": "sha512-9H0nNs0clDXtIAntN0u4++zsspCabLe2PIXfcPamw4D5qBZEVve0jd3+6pg6mTm3z2aGkUAlPtonPvlzNeWiQg==",
      "dev": true,
      "optional": true
    },
    "@oven/bun-linux-aarch64": {
      "version": "1.1.20",
      "resolved": "https://registry.npmjs.org/@oven/bun-linux-aarch64/-/bun-linux-aarch64-1.1.20.tgz",
      "integrity": "sha512-xR2Wf9VqFZ2IiRBv9pvQ8z/DihfIA64bGbMkLkrAhZJACk+HBJ8eLjEGI4hvr9SM9br4Jtfjlm6CmNlkpqbk3Q==",
      "dev": true,
      "optional": true
    },
    "@oven/bun-linux-x64": {
      "version": "1.1.20",
      "resolved": "https://registry.npmjs.org/@oven/bun-linux-x64/-/bun-linux-x64-1.1.20.tgz",
      "integrity": "sha512-8TWvnsWWWX9pZoYZ1GwZX3UwkfsnZYzicxwUdZVf/S0sNM6FBWkC9YqidxUsPva4DLKIi4oON8Ra5DpDwRZWSw==",
      "dev": true,
      "optional": true
    },
    "@oven/bun-linux-x64-baseline": {
      "version": "1.1.20",
      "resolved": "https://registry.npmjs.org/@oven/bun-linux-x64-baseline/-/bun-linux-x64-baseline-1.1.20.tgz",
      "integrity": "sha512-H1PIzW+Dv6VNNH/yS6we7YD2Hvig3s6zLYnEt+mQok+wJKtjzpjQT1qZly/r6mhkZqHIcM3mRAwXcxgXF7yv7Q==",
      "dev": true,
      "optional": true
    },
    "@oven/bun-windows-x64": {
      "version": "1.1.20",
      "resolved": "https://registry.npmjs.org/@oven/bun-windows-x64/-/bun-windows-x64-1.1.20.tgz",
      "integrity": "sha512-1Njpp2LUq6mEyDdk3IBge7ew/+maqX/Q7ltalX7JT2Gxh693c0KuL7pzrExbkBweqSL1nMec0Crw+GkVd3bFxA==",
      "dev": true,
      "optional": true
    },
    "@oven/bun-windows-x64-baseline": {
      "version": "1.1.20",
      "resolved": "https://registry.npmjs.org/@oven/bun-windows-x64-baseline/-/bun-windows-x64-baseline-1.1.20.tgz",
      "integrity": "sha512-yFm6jhL7SPfPz7sOukUeiAGmX7/S+6yj3cY8NxGGvBaZZLqNSw+vitAFg/ssV8v8oDAG7b1SqP5KzEZt3EUvKg==",
      "dev": true,
      "optional": true
    },
    "@types/bun": {
      "version": "1.1.6",
      "resolved": "https://registry.npmjs.org/@types/bun/-/bun-1.1.6.tgz",
      "integrity": "sha512-uJgKjTdX0GkWEHZzQzFsJkWp5+43ZS7HC8sZPFnOwnSo1AsNl2q9o2bFeS23disNDqbggEgyFkKCHl/w8iZsMA==",
      "dev": true,
      "requires": {
        "bun-types": "1.1.17"
      }
    },
    "@types/node": {
      "version": "20.14.11",
      "resolved": "https://registry.npmjs.org/@types/node/-/node-20.14.11.tgz",
      "integrity": "sha512-kprQpL8MMeszbz6ojB5/tU8PLN4kesnN8Gjzw349rDlNgsSzg90lAVj3llK99Dh7JON+t9AuscPPFW6mPbTnSA==",
      "dev": true,
      "requires": {
        "undici-types": "~5.26.4"
      }
    },
    "@types/ws": {
      "version": "8.5.10",
      "resolved": "https://registry.npmjs.org/@types/ws/-/ws-8.5.10.tgz",
      "integrity": "sha512-vmQSUcfalpIq0R9q7uTo2lXs6eGIpt9wtnLdMv9LVpIjCA/+ufZRozlVoVelIYixx1ugCBKDhn89vnsEGOCx9A==",
      "dev": true,
      "requires": {
        "@types/node": "*"
      }
    },
    "bun": {
      "version": "1.1.20",
      "resolved": "https://registry.npmjs.org/bun/-/bun-1.1.20.tgz",
      "integrity": "sha512-aqLmvaz0/vLUiCrOXtAsf7pCSOS/qXieYDsq8COa3+fIgMK05CjZt9m9r7DC+tjKy7hH8uKSNTapQOr/kX8gIA==",
      "dev": true,
      "requires": {
        "@oven/bun-darwin-aarch64": "1.1.20",
        "@oven/bun-darwin-x64": "1.1.20",
        "@oven/bun-darwin-x64-baseline": "1.1.20",
        "@oven/bun-linux-aarch64": "1.1.20",
        "@oven/bun-linux-x64": "1.1.20",
        "@oven/bun-linux-x64-baseline": "1.1.20",
        "@oven/bun-windows-x64": "1.1.20",
        "@oven/bun-windows-x64-baseline": "1.1.20"
      }
    },
    "bun-types": {
      "version": "1.1.17",
      "resolved": "https://registry.npmjs.org/bun-types/-/bun-types-1.1.17.tgz",
      "integrity": "sha512-Z4+OplcSd/YZq7ZsrfD00DKJeCwuNY96a1IDJyR73+cTBaFIS7SC6LhpY/W3AMEXO9iYq5NJ58WAwnwL1p5vKg==",
      "dev": true,
      "requires": {
        "@types/node": "~20.12.8",
        "@types/ws": "~8.5.10"
      },
      "dependencies": {
        "@types/node": {
          "version": "20.12.14",
          "resolved": "https://registry.npmjs.org/@types/node/-/node-20.12.14.tgz",
          "integrity": "sha512-scnD59RpYD91xngrQQLGkE+6UrHUPzeKZWhhjBSa3HSkwjbQc38+q3RoIVEwxQGRw3M+j5hpNAM+lgV3cVormg==",
          "dev": true,
          "requires": {
            "undici-types": "~5.26.4"
          }
        }
      }
    },
    "typescript": {
      "version": "5.5.3",
      "resolved": "https://registry.npmjs.org/typescript/-/typescript-5.5.3.tgz",
      "integrity": "sha512-/hreyEujaB0w76zKo6717l3L0o/qEUtRgdvUBvlkhoWeOVMjMuHNHk0BRBzikzuGDqNmPQbg5ifMEqsHLiIUcQ==",
      "dev": true
    },
    "undici-types": {
      "version": "5.26.5",
      "resolved": "https://registry.npmjs.org/undici-types/-/undici-types-5.26.5.tgz",
      "integrity": "sha512-JlCMO+ehdEIKqlFxk6IfVoAUVmgz7cU7zD/h9XZ0qzeosSHmUJVOzSQvvYSYWXkFXC+IfLKSIffhv0sVZup6pA==",
      "dev": true
    }
  }
}
