lockfileVersion: '6.0'

settings:
  autoInstallPeers: true
  excludeLinksFromLockfile: false

devDependencies:
  '@grafbase/sdk':
    specifier: ~0.10.1
    version: 0.10.1

packages:

  /@grafbase/sdk@0.10.1:
    resolution: {integrity: sha512-3FxdkWrEZr59B0tZIyPP0vF0cYKh+MZFCj6PdlhxzuD36L61ZJxegWDVQmOXukcHgX7OnOWaba0ZusZozIseIA==}
    engines: {node: '>=16.13.0'}
    dependencies:
      dotenv: 16.3.1
      type-fest: 3.13.1
    dev: true

  /dotenv@16.3.1:
    resolution: {integrity: sha512-IPzF4w4/Rd94bA9imS68tZBaYyBWSCE47V1RGuMrB94iyTOIEwRmVL2x/4An+6mETpLrKJ5hQkB8W4kFAadeIQ==}
    engines: {node: '>=12'}
    dev: true

  /type-fest@3.13.1:
    resolution: {integrity: sha512-tLq3bSNx+xSpwvAJnzrK0Ep5CLNWjvFTOp71URMaAEWBfRb9nnJiBoUe0tF8bI4ZFO3omgBR6NvnbzVUT3Ly4g==}
    engines: {node: '>=14.16'}
    dev: true
