{
  "name": "grafbase",
  "version": "1.0.0",
  "lockfileVersion": 3,
  "requires": true,
  "packages": {
    "": {
      "name": "grafbase",
      "version": "1.0.0",
      "license": "ISC",
      "devDependencies": {
        "@grafbase/sdk": "~0.13.1"
      }
    },
    "node_modules/@grafbase/sdk": {
      "version": "0.13.1",
      "resolved": "https://registry.npmjs.org/@grafbase/sdk/-/sdk-0.13.1.tgz",
      "integrity": "sha512-/SNcLv2Ci9I7xJ2lruczleRnOvRByRJEgzBkCk3S67ZtF4BpvnDPwgVMyYsgAqoLgDogNDG8kULPEc3i+Nwfrg==",
      "dev": true,
      "dependencies": {
        "dotenv": "^16.1.4",
        "type-fest": "^3.9.0"
      },
      "engines": {
        "node": ">=16.13.0"
      }
    },
    "node_modules/dotenv": {
      "version": "16.3.1",
      "dev": true,
      "license": "BSD-2-Clause",
      "engines": {
        "node": ">=12"
      },
      "funding": {
        "url": "https://github.com/motdotla/dotenv?sponsor=1"
      }
    },
    "node_modules/type-fest": {
      "version": "3.13.1",
      "dev": true,
      "license": "(MIT OR CC0-1.0)",
      "engines": {
        "node": ">=14.16"
      },
      "funding": {
        "url": "https://github.com/sponsors/sindresorhus"
      }
    }
  }
}
