// !$*UTF8*$!
{
	archiveVersion = 1;
	classes = {
	};
	objectVersion = 56;
	objects = {

/* Begin PBXBuildFile section */
		C3A14537293E2097005EFF52 /* Post.swift in Sources */ = {isa = PBXBuildFile; fileRef = C3A14536293E2097005EFF52 /* Post.swift */; };
		C3A14539293E20FB005EFF52 /* Comment.swift in Sources */ = {isa = PBXBuildFile; fileRef = C3A14538293E20FB005EFF52 /* Comment.swift */; };
		C3A1453D293E2184005EFF52 /* DetailView.swift in Sources */ = {isa = PBXBuildFile; fileRef = C3A1453C293E2184005EFF52 /* DetailView.swift */; };
		C3A14540293E21F2005EFF52 /* APIService.swift in Sources */ = {isa = PBXBuildFile; fileRef = C3A1453F293E21F2005EFF52 /* APIService.swift */; };
		C3A14548293E22B4005EFF52 /* SwiftGraphQL in Frameworks */ = {isa = PBXBuildFile; productRef = C3A14547293E22B4005EFF52 /* SwiftGraphQL */; };
		C3A1454A293E244F005EFF52 /* PostsAPI.swift in Sources */ = {isa = PBXBuildFile; fileRef = C3A14549293E244F005EFF52 /* PostsAPI.swift */; };
		C3A1454C293E245A005EFF52 /* GraphQLAPI.swift in Sources */ = {isa = PBXBuildFile; fileRef = C3A1454B293E245A005EFF52 /* GraphQLAPI.swift */; };
		C3A1454E293E24BC005EFF52 /* URLSession.swift in Sources */ = {isa = PBXBuildFile; fileRef = C3A1454D293E24BC005EFF52 /* URLSession.swift */; };
		C3A14550293E24D4005EFF52 /* GraphQLResult.swift in Sources */ = {isa = PBXBuildFile; fileRef = C3A1454F293E24D4005EFF52 /* GraphQLResult.swift */; };
		C3A58A12293E03C1001F4238 /* Grafbase_SwiftApp.swift in Sources */ = {isa = PBXBuildFile; fileRef = C3A58A11293E03C1001F4238 /* Grafbase_SwiftApp.swift */; };
		C3A58A14293E03C1001F4238 /* ContentView.swift in Sources */ = {isa = PBXBuildFile; fileRef = C3A58A13293E03C1001F4238 /* ContentView.swift */; };
		C3A58A16293E03C3001F4238 /* Assets.xcassets in Resources */ = {isa = PBXBuildFile; fileRef = C3A58A15293E03C3001F4238 /* Assets.xcassets */; };
		C3A58A1A293E03C3001F4238 /* Preview Assets.xcassets in Resources */ = {isa = PBXBuildFile; fileRef = C3A58A19293E03C3001F4238 /* Preview Assets.xcassets */; };
/* End PBXBuildFile section */

/* Begin PBXFileReference section */
		C3A14536293E2097005EFF52 /* Post.swift */ = {isa = PBXFileReference; lastKnownFileType = sourcecode.swift; path = Post.swift; sourceTree = "<group>"; };
		C3A14538293E20FB005EFF52 /* Comment.swift */ = {isa = PBXFileReference; lastKnownFileType = sourcecode.swift; path = Comment.swift; sourceTree = "<group>"; };
		C3A1453C293E2184005EFF52 /* DetailView.swift */ = {isa = PBXFileReference; lastKnownFileType = sourcecode.swift; path = DetailView.swift; sourceTree = "<group>"; };
		C3A1453F293E21F2005EFF52 /* APIService.swift */ = {isa = PBXFileReference; lastKnownFileType = sourcecode.swift; path = APIService.swift; sourceTree = "<group>"; };
		C3A14549293E244F005EFF52 /* PostsAPI.swift */ = {isa = PBXFileReference; lastKnownFileType = sourcecode.swift; path = PostsAPI.swift; sourceTree = "<group>"; };
		C3A1454B293E245A005EFF52 /* GraphQLAPI.swift */ = {isa = PBXFileReference; lastKnownFileType = sourcecode.swift; path = GraphQLAPI.swift; sourceTree = "<group>"; };
		C3A1454D293E24BC005EFF52 /* URLSession.swift */ = {isa = PBXFileReference; lastKnownFileType = sourcecode.swift; path = URLSession.swift; sourceTree = "<group>"; };
		C3A1454F293E24D4005EFF52 /* GraphQLResult.swift */ = {isa = PBXFileReference; lastKnownFileType = sourcecode.swift; path = GraphQLResult.swift; sourceTree = "<group>"; };
		C3A58A0E293E03C1001F4238 /* Grafbase Swift.app */ = {isa = PBXFileReference; explicitFileType = wrapper.application; includeInIndex = 0; path = "Grafbase Swift.app"; sourceTree = BUILT_PRODUCTS_DIR; };
		C3A58A11293E03C1001F4238 /* Grafbase_SwiftApp.swift */ = {isa = PBXFileReference; lastKnownFileType = sourcecode.swift; path = Grafbase_SwiftApp.swift; sourceTree = "<group>"; };
		C3A58A13293E03C1001F4238 /* ContentView.swift */ = {isa = PBXFileReference; lastKnownFileType = sourcecode.swift; path = ContentView.swift; sourceTree = "<group>"; };
		C3A58A15293E03C3001F4238 /* Assets.xcassets */ = {isa = PBXFileReference; lastKnownFileType = folder.assetcatalog; path = Assets.xcassets; sourceTree = "<group>"; };
		C3A58A17293E03C3001F4238 /* Grafbase_Swift.entitlements */ = {isa = PBXFileReference; lastKnownFileType = text.plist.entitlements; path = Grafbase_Swift.entitlements; sourceTree = "<group>"; };
		C3A58A19293E03C3001F4238 /* Preview Assets.xcassets */ = {isa = PBXFileReference; lastKnownFileType = folder.assetcatalog; path = "Preview Assets.xcassets"; sourceTree = "<group>"; };
/* End PBXFileReference section */

/* Begin PBXFrameworksBuildPhase section */
		C3A58A0B293E03C1001F4238 /* Frameworks */ = {
			isa = PBXFrameworksBuildPhase;
			buildActionMask = 2147483647;
			files = (
				C3A14548293E22B4005EFF52 /* SwiftGraphQL in Frameworks */,
			);
			runOnlyForDeploymentPostprocessing = 0;
		};
/* End PBXFrameworksBuildPhase section */

/* Begin PBXGroup section */
		C3A14534293E2010005EFF52 /* Views */ = {
			isa = PBXGroup;
			children = (
				C3A58A13293E03C1001F4238 /* ContentView.swift */,
				C3A1453C293E2184005EFF52 /* DetailView.swift */,
			);
			path = Views;
			sourceTree = "<group>";
		};
		C3A14535293E2086005EFF52 /* Models */ = {
			isa = PBXGroup;
			children = (
				C3A14536293E2097005EFF52 /* Post.swift */,
				C3A14538293E20FB005EFF52 /* Comment.swift */,
				C3A1454F293E24D4005EFF52 /* GraphQLResult.swift */,
			);
			path = Models;
			sourceTree = "<group>";
		};
		C3A1453E293E21E3005EFF52 /* Service */ = {
			isa = PBXGroup;
			children = (
				C3A1453F293E21F2005EFF52 /* APIService.swift */,
			);
			path = Service;
			sourceTree = "<group>";
		};
		C3A14541293E2209005EFF52 /* API */ = {
			isa = PBXGroup;
			children = (
				C3A14549293E244F005EFF52 /* PostsAPI.swift */,
				C3A1454B293E245A005EFF52 /* GraphQLAPI.swift */,
				C3A1454D293E24BC005EFF52 /* URLSession.swift */,
			);
			path = API;
			sourceTree = "<group>";
		};
		C3A58A05293E03C1001F4238 = {
			isa = PBXGroup;
			children = (
				C3A58A10293E03C1001F4238 /* Grafbase Swift */,
				C3A58A0F293E03C1001F4238 /* Products */,
			);
			sourceTree = "<group>";
		};
		C3A58A0F293E03C1001F4238 /* Products */ = {
			isa = PBXGroup;
			children = (
				C3A58A0E293E03C1001F4238 /* Grafbase Swift.app */,
			);
			name = Products;
			sourceTree = "<group>";
		};
		C3A58A10293E03C1001F4238 /* Grafbase Swift */ = {
			isa = PBXGroup;
			children = (
				C3A14541293E2209005EFF52 /* API */,
				C3A1453E293E21E3005EFF52 /* Service */,
				C3A14535293E2086005EFF52 /* Models */,
				C3A14534293E2010005EFF52 /* Views */,
				C3A58A11293E03C1001F4238 /* Grafbase_SwiftApp.swift */,
				C3A58A15293E03C3001F4238 /* Assets.xcassets */,
				C3A58A17293E03C3001F4238 /* Grafbase_Swift.entitlements */,
				C3A58A18293E03C3001F4238 /* Preview Content */,
			);
			path = "Grafbase Swift";
			sourceTree = "<group>";
		};
		C3A58A18293E03C3001F4238 /* Preview Content */ = {
			isa = PBXGroup;
			children = (
				C3A58A19293E03C3001F4238 /* Preview Assets.xcassets */,
			);
			path = "Preview Content";
			sourceTree = "<group>";
		};
/* End PBXGroup section */

/* Begin PBXNativeTarget section */
		C3A58A0D293E03C1001F4238 /* Grafbase Swift */ = {
			isa = PBXNativeTarget;
			buildConfigurationList = C3A58A1D293E03C3001F4238 /* Build configuration list for PBXNativeTarget "Grafbase Swift" */;
			buildPhases = (
				C3A58A0A293E03C1001F4238 /* Sources */,
				C3A58A0B293E03C1001F4238 /* Frameworks */,
				C3A58A0C293E03C1001F4238 /* Resources */,
			);
			buildRules = (
			);
			dependencies = (
			);
			name = "Grafbase Swift";
			packageProductDependencies = (
				C3A14547293E22B4005EFF52 /* SwiftGraphQL */,
			);
			productName = "Grafbase Swift";
			productReference = C3A58A0E293E03C1001F4238 /* Grafbase Swift.app */;
			productType = "com.apple.product-type.application";
		};
/* End PBXNativeTarget section */

/* Begin PBXProject section */
		C3A58A06293E03C1001F4238 /* Project object */ = {
			isa = PBXProject;
			attributes = {
				BuildIndependentTargetsInParallel = 1;
				LastSwiftUpdateCheck = 1410;
				LastUpgradeCheck = 1410;
				TargetAttributes = {
					C3A58A0D293E03C1001F4238 = {
						CreatedOnToolsVersion = 14.1;
					};
				};
			};
			buildConfigurationList = C3A58A09293E03C1001F4238 /* Build configuration list for PBXProject "Grafbase Swift" */;
			compatibilityVersion = "Xcode 14.0";
			developmentRegion = en;
			hasScannedForEncodings = 0;
			knownRegions = (
				en,
				Base,
			);
			mainGroup = C3A58A05293E03C1001F4238;
			packageReferences = (
				C3A14546293E22B4005EFF52 /* XCRemoteSwiftPackageReference "swift-graphql" */,
			);
			productRefGroup = C3A58A0F293E03C1001F4238 /* Products */;
			projectDirPath = "";
			projectRoot = "";
			targets = (
				C3A58A0D293E03C1001F4238 /* Grafbase Swift */,
			);
		};
/* End PBXProject section */

/* Begin PBXResourcesBuildPhase section */
		C3A58A0C293E03C1001F4238 /* Resources */ = {
			isa = PBXResourcesBuildPhase;
			buildActionMask = 2147483647;
			files = (
				C3A58A1A293E03C3001F4238 /* Preview Assets.xcassets in Resources */,
				C3A58A16293E03C3001F4238 /* Assets.xcassets in Resources */,
			);
			runOnlyForDeploymentPostprocessing = 0;
		};
/* End PBXResourcesBuildPhase section */

/* Begin PBXSourcesBuildPhase section */
		C3A58A0A293E03C1001F4238 /* Sources */ = {
			isa = PBXSourcesBuildPhase;
			buildActionMask = 2147483647;
			files = (
				C3A14537293E2097005EFF52 /* Post.swift in Sources */,
				C3A14540293E21F2005EFF52 /* APIService.swift in Sources */,
				C3A1454E293E24BC005EFF52 /* URLSession.swift in Sources */,
				C3A1453D293E2184005EFF52 /* DetailView.swift in Sources */,
				C3A1454A293E244F005EFF52 /* PostsAPI.swift in Sources */,
				C3A58A14293E03C1001F4238 /* ContentView.swift in Sources */,
				C3A58A12293E03C1001F4238 /* Grafbase_SwiftApp.swift in Sources */,
				C3A14550293E24D4005EFF52 /* GraphQLResult.swift in Sources */,
				C3A1454C293E245A005EFF52 /* GraphQLAPI.swift in Sources */,
				C3A14539293E20FB005EFF52 /* Comment.swift in Sources */,
			);
			runOnlyForDeploymentPostprocessing = 0;
		};
/* End PBXSourcesBuildPhase section */

/* Begin XCBuildConfiguration section */
		C3A58A1B293E03C3001F4238 /* Debug */ = {
			isa = XCBuildConfiguration;
			buildSettings = {
				ALWAYS_SEARCH_USER_PATHS = NO;
				CLANG_ANALYZER_NONNULL = YES;
				CLANG_ANALYZER_NUMBER_OBJECT_CONVERSION = YES_AGGRESSIVE;
				CLANG_CXX_LANGUAGE_STANDARD = "gnu++20";
				CLANG_ENABLE_MODULES = YES;
				CLANG_ENABLE_OBJC_ARC = YES;
				CLANG_ENABLE_OBJC_WEAK = YES;
				CLANG_WARN_BLOCK_CAPTURE_AUTORELEASING = YES;
				CLANG_WARN_BOOL_CONVERSION = YES;
				CLANG_WARN_COMMA = YES;
				CLANG_WARN_CONSTANT_CONVERSION = YES;
				CLANG_WARN_DEPRECATED_OBJC_IMPLEMENTATIONS = YES;
				CLANG_WARN_DIRECT_OBJC_ISA_USAGE = YES_ERROR;
				CLANG_WARN_DOCUMENTATION_COMMENTS = YES;
				CLANG_WARN_EMPTY_BODY = YES;
				CLANG_WARN_ENUM_CONVERSION = YES;
				CLANG_WARN_INFINITE_RECURSION = YES;
				CLANG_WARN_INT_CONVERSION = YES;
				CLANG_WARN_NON_LITERAL_NULL_CONVERSION = YES;
				CLANG_WARN_OBJC_IMPLICIT_RETAIN_SELF = YES;
				CLANG_WARN_OBJC_LITERAL_CONVERSION = YES;
				CLANG_WARN_OBJC_ROOT_CLASS = YES_ERROR;
				CLANG_WARN_QUOTED_INCLUDE_IN_FRAMEWORK_HEADER = YES;
				CLANG_WARN_RANGE_LOOP_ANALYSIS = YES;
				CLANG_WARN_STRICT_PROTOTYPES = YES;
				CLANG_WARN_SUSPICIOUS_MOVE = YES;
				CLANG_WARN_UNGUARDED_AVAILABILITY = YES_AGGRESSIVE;
				CLANG_WARN_UNREACHABLE_CODE = YES;
				CLANG_WARN__DUPLICATE_METHOD_MATCH = YES;
				COPY_PHASE_STRIP = NO;
				DEBUG_INFORMATION_FORMAT = dwarf;
				ENABLE_STRICT_OBJC_MSGSEND = YES;
				ENABLE_TESTABILITY = YES;
				GCC_C_LANGUAGE_STANDARD = gnu11;
				GCC_DYNAMIC_NO_PIC = NO;
				GCC_NO_COMMON_BLOCKS = YES;
				GCC_OPTIMIZATION_LEVEL = 0;
				GCC_PREPROCESSOR_DEFINITIONS = (
					"DEBUG=1",
					"$(inherited)",
				);
				GCC_WARN_64_TO_32_BIT_CONVERSION = YES;
				GCC_WARN_ABOUT_RETURN_TYPE = YES_ERROR;
				GCC_WARN_UNDECLARED_SELECTOR = YES;
				GCC_WARN_UNINITIALIZED_AUTOS = YES_AGGRESSIVE;
				GCC_WARN_UNUSED_FUNCTION = YES;
				GCC_WARN_UNUSED_VARIABLE = YES;
				MTL_ENABLE_DEBUG_INFO = INCLUDE_SOURCE;
				MTL_FAST_MATH = YES;
				ONLY_ACTIVE_ARCH = YES;
				SWIFT_ACTIVE_COMPILATION_CONDITIONS = DEBUG;
				SWIFT_OPTIMIZATION_LEVEL = "-Onone";
			};
			name = Debug;
		};
		C3A58A1C293E03C3001F4238 /* Release */ = {
			isa = XCBuildConfiguration;
			buildSettings = {
				ALWAYS_SEARCH_USER_PATHS = NO;
				CLANG_ANALYZER_NONNULL = YES;
				CLANG_ANALYZER_NUMBER_OBJECT_CONVERSION = YES_AGGRESSIVE;
				CLANG_CXX_LANGUAGE_STANDARD = "gnu++20";
				CLANG_ENABLE_MODULES = YES;
				CLANG_ENABLE_OBJC_ARC = YES;
				CLANG_ENABLE_OBJC_WEAK = YES;
				CLANG_WARN_BLOCK_CAPTURE_AUTORELEASING = YES;
				CLANG_WARN_BOOL_CONVERSION = YES;
				CLANG_WARN_COMMA = YES;
				CLANG_WARN_CONSTANT_CONVERSION = YES;
				CLANG_WARN_DEPRECATED_OBJC_IMPLEMENTATIONS = YES;
				CLANG_WARN_DIRECT_OBJC_ISA_USAGE = YES_ERROR;
				CLANG_WARN_DOCUMENTATION_COMMENTS = YES;
				CLANG_WARN_EMPTY_BODY = YES;
				CLANG_WARN_ENUM_CONVERSION = YES;
				CLANG_WARN_INFINITE_RECURSION = YES;
				CLANG_WARN_INT_CONVERSION = YES;
				CLANG_WARN_NON_LITERAL_NULL_CONVERSION = YES;
				CLANG_WARN_OBJC_IMPLICIT_RETAIN_SELF = YES;
				CLANG_WARN_OBJC_LITERAL_CONVERSION = YES;
				CLANG_WARN_OBJC_ROOT_CLASS = YES_ERROR;
				CLANG_WARN_QUOTED_INCLUDE_IN_FRAMEWORK_HEADER = YES;
				CLANG_WARN_RANGE_LOOP_ANALYSIS = YES;
				CLANG_WARN_STRICT_PROTOTYPES = YES;
				CLANG_WARN_SUSPICIOUS_MOVE = YES;
				CLANG_WARN_UNGUARDED_AVAILABILITY = YES_AGGRESSIVE;
				CLANG_WARN_UNREACHABLE_CODE = YES;
				CLANG_WARN__DUPLICATE_METHOD_MATCH = YES;
				COPY_PHASE_STRIP = NO;
				DEBUG_INFORMATION_FORMAT = "dwarf-with-dsym";
				ENABLE_NS_ASSERTIONS = NO;
				ENABLE_STRICT_OBJC_MSGSEND = YES;
				GCC_C_LANGUAGE_STANDARD = gnu11;
				GCC_NO_COMMON_BLOCKS = YES;
				GCC_WARN_64_TO_32_BIT_CONVERSION = YES;
				GCC_WARN_ABOUT_RETURN_TYPE = YES_ERROR;
				GCC_WARN_UNDECLARED_SELECTOR = YES;
				GCC_WARN_UNINITIALIZED_AUTOS = YES_AGGRESSIVE;
				GCC_WARN_UNUSED_FUNCTION = YES;
				GCC_WARN_UNUSED_VARIABLE = YES;
				MTL_ENABLE_DEBUG_INFO = NO;
				MTL_FAST_MATH = YES;
				SWIFT_COMPILATION_MODE = wholemodule;
				SWIFT_OPTIMIZATION_LEVEL = "-O";
			};
			name = Release;
		};
		C3A58A1E293E03C3001F4238 /* Debug */ = {
			isa = XCBuildConfiguration;
			buildSettings = {
				ASSETCATALOG_COMPILER_APPICON_NAME = AppIcon;
				ASSETCATALOG_COMPILER_GLOBAL_ACCENT_COLOR_NAME = AccentColor;
				CODE_SIGN_ENTITLEMENTS = "Grafbase Swift/Grafbase_Swift.entitlements";
				CODE_SIGN_STYLE = Automatic;
				CURRENT_PROJECT_VERSION = 1;
				DEVELOPMENT_ASSET_PATHS = "\"Grafbase Swift/Preview Content\"";
				DEVELOPMENT_TEAM = YK4EK57EQ6;
				ENABLE_HARDENED_RUNTIME = YES;
				ENABLE_PREVIEWS = YES;
				GENERATE_INFOPLIST_FILE = YES;
				"INFOPLIST_KEY_UIApplicationSceneManifest_Generation[sdk=iphoneos*]" = YES;
				"INFOPLIST_KEY_UIApplicationSceneManifest_Generation[sdk=iphonesimulator*]" = YES;
				"INFOPLIST_KEY_UIApplicationSupportsIndirectInputEvents[sdk=iphoneos*]" = YES;
				"INFOPLIST_KEY_UIApplicationSupportsIndirectInputEvents[sdk=iphonesimulator*]" = YES;
				"INFOPLIST_KEY_UILaunchScreen_Generation[sdk=iphoneos*]" = YES;
				"INFOPLIST_KEY_UILaunchScreen_Generation[sdk=iphonesimulator*]" = YES;
				"INFOPLIST_KEY_UIStatusBarStyle[sdk=iphoneos*]" = UIStatusBarStyleDefault;
				"INFOPLIST_KEY_UIStatusBarStyle[sdk=iphonesimulator*]" = UIStatusBarStyleDefault;
				INFOPLIST_KEY_UISupportedInterfaceOrientations_iPad = "UIInterfaceOrientationPortrait UIInterfaceOrientationPortraitUpsideDown UIInterfaceOrientationLandscapeLeft UIInterfaceOrientationLandscapeRight";
				INFOPLIST_KEY_UISupportedInterfaceOrientations_iPhone = "UIInterfaceOrientationPortrait UIInterfaceOrientationLandscapeLeft UIInterfaceOrientationLandscapeRight";
				IPHONEOS_DEPLOYMENT_TARGET = 16.1;
				LD_RUNPATH_SEARCH_PATHS = "@executable_path/Frameworks";
				"LD_RUNPATH_SEARCH_PATHS[sdk=macosx*]" = "@executable_path/../Frameworks";
				MACOSX_DEPLOYMENT_TARGET = 13.0;
				MARKETING_VERSION = 1.0;
				PRODUCT_BUNDLE_IDENTIFIER = "com.grafbase.swift.Grafbase-Swift";
				PRODUCT_NAME = "$(TARGET_NAME)";
				SDKROOT = auto;
				SUPPORTED_PLATFORMS = "iphoneos iphonesimulator macosx";
				SWIFT_EMIT_LOC_STRINGS = YES;
				SWIFT_VERSION = 5.0;
				TARGETED_DEVICE_FAMILY = "1,2";
			};
			name = Debug;
		};
		C3A58A1F293E03C3001F4238 /* Release */ = {
			isa = XCBuildConfiguration;
			buildSettings = {
				ASSETCATALOG_COMPILER_APPICON_NAME = AppIcon;
				ASSETCATALOG_COMPILER_GLOBAL_ACCENT_COLOR_NAME = AccentColor;
				CODE_SIGN_ENTITLEMENTS = "Grafbase Swift/Grafbase_Swift.entitlements";
				CODE_SIGN_STYLE = Automatic;
				CURRENT_PROJECT_VERSION = 1;
				DEVELOPMENT_ASSET_PATHS = "\"Grafbase Swift/Preview Content\"";
				DEVELOPMENT_TEAM = YK4EK57EQ6;
				ENABLE_HARDENED_RUNTIME = YES;
				ENABLE_PREVIEWS = YES;
				GENERATE_INFOPLIST_FILE = YES;
				"INFOPLIST_KEY_UIApplicationSceneManifest_Generation[sdk=iphoneos*]" = YES;
				"INFOPLIST_KEY_UIApplicationSceneManifest_Generation[sdk=iphonesimulator*]" = YES;
				"INFOPLIST_KEY_UIApplicationSupportsIndirectInputEvents[sdk=iphoneos*]" = YES;
				"INFOPLIST_KEY_UIApplicationSupportsIndirectInputEvents[sdk=iphonesimulator*]" = YES;
				"INFOPLIST_KEY_UILaunchScreen_Generation[sdk=iphoneos*]" = YES;
				"INFOPLIST_KEY_UILaunchScreen_Generation[sdk=iphonesimulator*]" = YES;
				"INFOPLIST_KEY_UIStatusBarStyle[sdk=iphoneos*]" = UIStatusBarStyleDefault;
				"INFOPLIST_KEY_UIStatusBarStyle[sdk=iphonesimulator*]" = UIStatusBarStyleDefault;
				INFOPLIST_KEY_UISupportedInterfaceOrientations_iPad = "UIInterfaceOrientationPortrait UIInterfaceOrientationPortraitUpsideDown UIInterfaceOrientationLandscapeLeft UIInterfaceOrientationLandscapeRight";
				INFOPLIST_KEY_UISupportedInterfaceOrientations_iPhone = "UIInterfaceOrientationPortrait UIInterfaceOrientationLandscapeLeft UIInterfaceOrientationLandscapeRight";
				IPHONEOS_DEPLOYMENT_TARGET = 16.1;
				LD_RUNPATH_SEARCH_PATHS = "@executable_path/Frameworks";
				"LD_RUNPATH_SEARCH_PATHS[sdk=macosx*]" = "@executable_path/../Frameworks";
				MACOSX_DEPLOYMENT_TARGET = 13.0;
				MARKETING_VERSION = 1.0;
				PRODUCT_BUNDLE_IDENTIFIER = "com.grafbase.swift.Grafbase-Swift";
				PRODUCT_NAME = "$(TARGET_NAME)";
				SDKROOT = auto;
				SUPPORTED_PLATFORMS = "iphoneos iphonesimulator macosx";
				SWIFT_EMIT_LOC_STRINGS = YES;
				SWIFT_VERSION = 5.0;
				TARGETED_DEVICE_FAMILY = "1,2";
			};
			name = Release;
		};
/* End XCBuildConfiguration section */

/* Begin XCConfigurationList section */
		C3A58A09293E03C1001F4238 /* Build configuration list for PBXProject "Grafbase Swift" */ = {
			isa = XCConfigurationList;
			buildConfigurations = (
				C3A58A1B293E03C3001F4238 /* Debug */,
				C3A58A1C293E03C3001F4238 /* Release */,
			);
			defaultConfigurationIsVisible = 0;
			defaultConfigurationName = Release;
		};
		C3A58A1D293E03C3001F4238 /* Build configuration list for PBXNativeTarget "Grafbase Swift" */ = {
			isa = XCConfigurationList;
			buildConfigurations = (
				C3A58A1E293E03C3001F4238 /* Debug */,
				C3A58A1F293E03C3001F4238 /* Release */,
			);
			defaultConfigurationIsVisible = 0;
			defaultConfigurationName = Release;
		};
/* End XCConfigurationList section */

/* Begin XCRemoteSwiftPackageReference section */
		C3A14546293E22B4005EFF52 /* XCRemoteSwiftPackageReference "swift-graphql" */ = {
			isa = XCRemoteSwiftPackageReference;
			repositoryURL = "https://github.com/maticzav/swift-graphql/";
			requirement = {
				branch = main;
				kind = branch;
			};
		};
/* End XCRemoteSwiftPackageReference section */

/* Begin XCSwiftPackageProductDependency section */
		C3A14547293E22B4005EFF52 /* SwiftGraphQL */ = {
			isa = XCSwiftPackageProductDependency;
			package = C3A14546293E22B4005EFF52 /* XCRemoteSwiftPackageReference "swift-graphql" */;
			productName = SwiftGraphQL;
		};
/* End XCSwiftPackageProductDependency section */
	};
	rootObject = C3A58A06293E03C1001F4238 /* Project object */;
}
