{
  "name": "gateway-grafbase",
  "version": "1.0.0",
  "lockfileVersion": 3,
  "requires": true,
  "packages": {
    "": {
      "name": "gateway-grafbase",
      "version": "1.0.0",
      "license": "ISC",
      "devDependencies": {
        "@grafbase/sdk": "~0.27.0"
      }
    },
    "node_modules/@grafbase/sdk": {
      "version": "0.27.4",
      "resolved": "https://registry.npmjs.org/@grafbase/sdk/-/sdk-0.27.4.tgz",
      "integrity": "sha512-ae6SGjG1BI/CDbtgd0Z561qlXri24JsP0gH0OTFLFLQzeZPnBSBKgvsRSBss2+nZGte9jRsXN+tYnCH1n0KK2w==",
      "deprecated": "Package no longer supported. Contact Support at https://www.npmjs.com/support for more info.",
      "dev": true,
      "license": "Apache-2.0",
      "dependencies": {
        "dotenv": "^16.1.4",
        "type-fest": "^4.0.0"
      },
      "engines": {
        "node": ">=16.13.0"
      }
    },
    "node_modules/dotenv": {
      "version": "16.4.5",
      "resolved": "https://registry.npmjs.org/dotenv/-/dotenv-16.4.5.tgz",
      "integrity": "sha512-ZmdL2rui+eB2YwhsWzjInR8LldtZHGDoQ1ugH85ppHKwpUHL7j7rN0Ti9NCnGiQbhaZ11FpR+7ao1dNsmduNUg==",
      "dev": true,
      "engines": {
        "node": ">=12"
      },
      "funding": {
        "url": "https://dotenvx.com"
      }
    },
    "node_modules/type-fest": {
      "version": "4.17.0",
      "resolved": "https://registry.npmjs.org/type-fest/-/type-fest-4.17.0.tgz",
      "integrity": "sha512-9flrz1zkfLRH3jO3bLflmTxryzKMxVa7841VeMgBaNQGY6vH4RCcpN/sQLB7mQQYh1GZ5utT2deypMuCy4yicw==",
      "dev": true,
      "engines": {
        "node": ">=16"
      },
      "funding": {
        "url": "https://github.com/sponsors/sindresorhus"
      }
    }
  }
}
