{
  "name": "resolvers-kv",
  "version": "1.0.0",
  "lockfileVersion": 3,
  "requires": true,
  "packages": {
    "": {
      "name": "resolvers-kv",
      "version": "1.0.0",
      "license": "ISC",
      "devDependencies": {
        "@grafbase/sdk": "^0.7.0",
        "@types/node": "^20.8.5"
      }
    },
    "node_modules/@grafbase/sdk": {
      "version": "0.7.1",
      "resolved": "https://registry.npmjs.org/@grafbase/sdk/-/sdk-0.7.1.tgz",
      "integrity": "sha512-1Exm1NkySsodyO0VHsefiKEi+f7BgpBMiM7aad7YpXuSc9sATN67klGEnomxy+CpG70G9vca02l+B1dlirDYRg==",
      "dev": true,
      "dependencies": {
        "dotenv": "^16.1.4",
        "type-fest": "^3.9.0"
      },
      "engines": {
        "node": ">=16.13.0"
      }
    },
    "node_modules/@types/node": {
      "version": "20.8.5",
      "resolved": "https://registry.npmjs.org/@types/node/-/node-20.8.5.tgz",
      "integrity": "sha512-SPlobFgbidfIeOYlzXiEjSYeIJiOCthv+9tSQVpvk4PAdIIc+2SmjNVzWXk9t0Y7dl73Zdf+OgXKHX9XtkqUpw==",
      "dev": true,
      "dependencies": {
        "undici-types": "~5.25.1"
      }
    },
    "node_modules/dotenv": {
      "version": "16.3.1",
      "resolved": "https://registry.npmjs.org/dotenv/-/dotenv-16.3.1.tgz",
      "integrity": "sha512-IPzF4w4/Rd94bA9imS68tZBaYyBWSCE47V1RGuMrB94iyTOIEwRmVL2x/4An+6mETpLrKJ5hQkB8W4kFAadeIQ==",
      "dev": true,
      "engines": {
        "node": ">=12"
      },
      "funding": {
        "url": "https://github.com/motdotla/dotenv?sponsor=1"
      }
    },
    "node_modules/type-fest": {
      "version": "3.13.1",
      "resolved": "https://registry.npmjs.org/type-fest/-/type-fest-3.13.1.tgz",
      "integrity": "sha512-tLq3bSNx+xSpwvAJnzrK0Ep5CLNWjvFTOp71URMaAEWBfRb9nnJiBoUe0tF8bI4ZFO3omgBR6NvnbzVUT3Ly4g==",
      "dev": true,
      "engines": {
        "node": ">=14.16"
      },
      "funding": {
        "url": "https://github.com/sponsors/sindresorhus"
      }
    },
    "node_modules/undici-types": {
      "version": "5.25.3",
      "resolved": "https://registry.npmjs.org/undici-types/-/undici-types-5.25.3.tgz",
      "integrity": "sha512-Ga1jfYwRn7+cP9v8auvEXN1rX3sWqlayd4HP7OKk4mZWylEmu3KzXDUGrQUN6Ol7qo1gPvB2e5gX6udnyEPgdA==",
      "dev": true
    }
  }
}
