{
  "name": "graphql-vendure",
  "version": "1.0.0",
  "lockfileVersion": 3,
  "requires": true,
  "packages": {
    "": {
      "name": "graphql-vendure",
      "version": "1.0.0",
      "license": "ISC",
      "devDependencies": {
        "@grafbase/sdk": "~0.18.0",
        "@types/node": "^20.11.6"
      }
    },
    "node_modules/@grafbase/sdk": {
      "version": "0.18.0",
      "resolved": "https://registry.npmjs.org/@grafbase/sdk/-/sdk-0.18.0.tgz",
      "integrity": "sha512-A5TDxIUdJt/8RMDNmTv8B2M2f62FseLFN1brjsqrnSmCyOR+FELDl6U5Wy/6s7yCXBJoIDMsIw9oLb+4OhVbUw==",
      "dev": true,
      "dependencies": {
        "dotenv": "^16.1.4",
        "type-fest": "^4.0.0"
      },
      "engines": {
        "node": ">=16.13.0"
      }
    },
    "node_modules/@types/node": {
      "version": "20.11.28",
      "resolved": "https://registry.npmjs.org/@types/node/-/node-20.11.28.tgz",
      "integrity": "sha512-M/GPWVS2wLkSkNHVeLkrF2fD5Lx5UC4PxA0uZcKc6QqbIQUJyW1jVjueJYi1z8n0I5PxYrtpnPnWglE+y9A0KA==",
      "dev": true,
      "dependencies": {
        "undici-types": "~5.26.4"
      }
    },
    "node_modules/dotenv": {
      "version": "16.4.1",
      "resolved": "https://registry.npmjs.org/dotenv/-/dotenv-16.4.1.tgz",
      "integrity": "sha512-CjA3y+Dr3FyFDOAMnxZEGtnW9KBR2M0JvvUtXNW+dYJL5ROWxP9DUHCwgFqpMk0OXCc0ljhaNTr2w/kutYIcHQ==",
      "dev": true,
      "engines": {
        "node": ">=12"
      },
      "funding": {
        "url": "https://github.com/motdotla/dotenv?sponsor=1"
      }
    },
    "node_modules/type-fest": {
      "version": "4.10.2",
      "resolved": "https://registry.npmjs.org/type-fest/-/type-fest-4.10.2.tgz",
      "integrity": "sha512-anpAG63wSpdEbLwOqH8L84urkL6PiVIov3EMmgIhhThevh9aiMQov+6Btx0wldNcvm4wV+e2/Rt1QdDwKHFbHw==",
      "dev": true,
      "engines": {
        "node": ">=16"
      },
      "funding": {
        "url": "https://github.com/sponsors/sindresorhus"
      }
    },
    "node_modules/undici-types": {
      "version": "5.26.5",
      "resolved": "https://registry.npmjs.org/undici-types/-/undici-types-5.26.5.tgz",
      "integrity": "sha512-JlCMO+ehdEIKqlFxk6IfVoAUVmgz7cU7zD/h9XZ0qzeosSHmUJVOzSQvvYSYWXkFXC+IfLKSIffhv0sVZup6pA==",
      "dev": true
    }
  }
}
