{
  "name": "graphql-vendure",
  "version": "1.0.0",
  "lockfileVersion": 3,
  "requires": true,
  "packages": {
    "": {
      "name": "graphql-vendure",
      "version": "1.0.0",
      "license": "ISC",
      "devDependencies": {
        "@grafbase/sdk": "~0.27.0",
        "@types/node": "^20.11.6"
      }
    },
    "node_modules/@grafbase/sdk": {
      "version": "0.27.1",
      "resolved": "https://registry.npmjs.org/@grafbase/sdk/-/sdk-0.27.1.tgz",
      "integrity": "sha512-G4vyMrZ1K0g+E7gpoQqmcv74h7U137ppBSno3v0jm6pstNbD6/CtByrHjeSsbkteVkU3/gnGRujg2e5Elv8Jbw==",
      "dev": true,
      "license": "Apache-2.0",
      "dependencies": {
        "dotenv": "^16.1.4",
        "type-fest": "^4.0.0"
      },
      "engines": {
        "node": ">=16.13.0"
      }
    },
    "node_modules/@types/node": {
      "version": "20.16.5",
      "resolved": "https://registry.npmjs.org/@types/node/-/node-20.16.5.tgz",
      "integrity": "sha512-VwYCweNo3ERajwy0IUlqqcyZ8/A7Zwa9ZP3MnENWcB11AejO+tLy3pu850goUW2FC/IJMdZUfKpX/yxL1gymCA==",
      "dev": true,
      "license": "MIT",
      "dependencies": {
        "undici-types": "~6.19.2"
      }
    },
    "node_modules/dotenv": {
      "version": "16.4.1",
      "resolved": "https://registry.npmjs.org/dotenv/-/dotenv-16.4.1.tgz",
      "integrity": "sha512-CjA3y+Dr3FyFDOAMnxZEGtnW9KBR2M0JvvUtXNW+dYJL5ROWxP9DUHCwgFqpMk0OXCc0ljhaNTr2w/kutYIcHQ==",
      "dev": true,
      "engines": {
        "node": ">=12"
      },
      "funding": {
        "url": "https://github.com/motdotla/dotenv?sponsor=1"
      }
    },
    "node_modules/type-fest": {
      "version": "4.10.2",
      "resolved": "https://registry.npmjs.org/type-fest/-/type-fest-4.10.2.tgz",
      "integrity": "sha512-anpAG63wSpdEbLwOqH8L84urkL6PiVIov3EMmgIhhThevh9aiMQov+6Btx0wldNcvm4wV+e2/Rt1QdDwKHFbHw==",
      "dev": true,
      "engines": {
        "node": ">=16"
      },
      "funding": {
        "url": "https://github.com/sponsors/sindresorhus"
      }
    },
    "node_modules/undici-types": {
      "version": "6.19.8",
      "resolved": "https://registry.npmjs.org/undici-types/-/undici-types-6.19.8.tgz",
      "integrity": "sha512-ve2KP6f/JnbPBFyobGHuerC9g1FYGn/F8n1LWTwNxCEzd6IfqTwUQcNXgEtmmQ6DlRrC1hrSrBnCZPokRrDHjw==",
      "dev": true,
      "license": "MIT"
    }
  }
}
