{
  "pins" : [
    {
      "identity" : "bluesignals",
      "kind" : "remoteSourceControl",
      "location" : "https://github.com/IBM-Swift/BlueSignals.git",
      "state" : {
        "revision" : "1f6c49e186c8a4eeef87ba14f2f97b8646559d13",
        "version" : "1.0.200"
      }
    },
    {
      "identity" : "files",
      "kind" : "remoteSourceControl",
      "location" : "https://github.com/JohnSundell/Files",
      "state" : {
        "revision" : "d273b5b7025d386feef79ef6bad7de762e106eaf",
        "version" : "4.2.0"
      }
    },
    {
      "identity" : "nanoseconds",
      "kind" : "remoteSourceControl",
      "location" : "https://github.com/dominicegginton/Nanoseconds",
      "state" : {
        "revision" : "d874aa99470f12f38a1b9315c0a481adfaacc8b5",
        "version" : "1.1.1"
      }
    },
    {
      "identity" : "rainbow",
      "kind" : "remoteSourceControl",
      "location" : "https://github.com/onevcat/Rainbow",
      "state" : {
        "revision" : "626c3d4b6b55354b4af3aa309f998fae9b31a3d9",
        "version" : "3.2.0"
      }
    },
    {
      "identity" : "spinner",
      "kind" : "remoteSourceControl",
      "location" : "https://github.com/dominicegginton/Spinner",
      "state" : {
        "revision" : "054ec7060d35bfedca14d5b298f536c3e8a270d1",
        "version" : "2.0.1"
      }
    },
    {
      "identity" : "starscream",
      "kind" : "remoteSourceControl",
      "location" : "https://github.com/daltoniam/Starscream.git",
      "state" : {
        "revision" : "df8d82047f6654d8e4b655d1b1525c64e1059d21",
        "version" : "4.0.4"
      }
    },
    {
      "identity" : "swift-argument-parser",
      "kind" : "remoteSourceControl",
      "location" : "https://github.com/apple/swift-argument-parser.git",
      "state" : {
        "branch" : "main",
        "revision" : "8f7e87bd0e0e1c96ae5d1622871820149b8e8c2d"
      }
    },
    {
      "identity" : "swift-format",
      "kind" : "remoteSourceControl",
      "location" : "https://github.com/apple/swift-format",
      "state" : {
        "branch" : "main",
        "revision" : "7e8bd26422cf8fbe86a708daef3f46cbae5f7c5f"
      }
    },
    {
      "identity" : "swift-graphql",
      "kind" : "remoteSourceControl",
      "location" : "https://github.com/maticzav/swift-graphql/",
      "state" : {
        "branch" : "main",
        "revision" : "f5b4a7335977c46c2474e5ba39600734a9b016df"
      }
    },
    {
      "identity" : "swift-log",
      "kind" : "remoteSourceControl",
      "location" : "https://github.com/apple/swift-log.git",
      "state" : {
        "revision" : "6fe203dc33195667ce1759bf0182975e4653ba1c",
        "version" : "1.4.4"
      }
    },
    {
      "identity" : "swift-syntax",
      "kind" : "remoteSourceControl",
      "location" : "https://github.com/apple/swift-syntax.git",
      "state" : {
        "branch" : "main",
        "revision" : "6e3dfb332553ad1462f0a3d45b4d91e349ce4013"
      }
    },
    {
      "identity" : "swift-system",
      "kind" : "remoteSourceControl",
      "location" : "https://github.com/apple/swift-system.git",
      "state" : {
        "revision" : "836bc4557b74fe6d2660218d56e3ce96aff76574",
        "version" : "1.1.1"
      }
    },
    {
      "identity" : "swift-tools-support-core",
      "kind" : "remoteSourceControl",
      "location" : "https://github.com/apple/swift-tools-support-core.git",
      "state" : {
        "branch" : "main",
        "revision" : "4cac812e26a1c9ec0379de9ec86c7da2f9e87863"
      }
    },
    {
      "identity" : "yams",
      "kind" : "remoteSourceControl",
      "location" : "https://github.com/jpsim/Yams.git",
      "state" : {
        "revision" : "01835dc202670b5bb90d07f3eae41867e9ed29f6",
        "version" : "5.0.1"
      }
    }
  ],
  "version" : 2
}
